{
  "version": 4,
  "terraform_version": "1.6.1",
  "serial": 208,
  "lineage": "fa218a1a-c9ef-95d8-9afd-e6d5042ec252",
  "outputs": {},
  "resources": [
    {
      "mode": "managed",
      "type": "azurerm_network_security_group",
      "name": "this",
      "provider": "provider[\"registry.terraform.io/hashicorp/azurerm\"]",
      "instances": [
        {
          "schema_version": 0,
          "attributes": {
            "id": "/subscriptions/dfaedac7-41cd-47a3-bb50-1c637ad9df21/resourceGroups/sanket-westus2-resourcegroup/providers/Microsoft.Network/networkSecurityGroups/sanket-westus2-security-group",
            "location": "westus2",
            "name": "sanket-westus2-security-group",
            "resource_group_name": "sanket-westus2-resourcegroup",
            "security_rule": [
              {
                "access": "Allow",
                "description": "",
                "destination_address_prefix": "*",
                "destination_address_prefixes": [],
                "destination_application_security_group_ids": [],
                "destination_port_range": "22",
                "destination_port_ranges": [],
                "direction": "Inbound",
                "name": "SSH",
                "priority": 1001,
                "protocol": "Tcp",
                "source_address_prefix": "*",
                "source_address_prefixes": [],
                "source_application_security_group_ids": [],
                "source_port_range": "*",
                "source_port_ranges": []
              }
            ],
            "tags": {},
            "timeouts": null
          },
          "sensitive_attributes": [],
          "private": "eyJlMmJmYjczMC1lY2FhLTExZTYtOGY4OC0zNDM2M2JjN2M0YzAiOnsiY3JlYXRlIjoxODAwMDAwMDAwMDAwLCJkZWxldGUiOjE4MDAwMDAwMDAwMDAsInJlYWQiOjMwMDAwMDAwMDAwMCwidXBkYXRlIjoxODAwMDAwMDAwMDAwfX0=",
          "dependencies": [
            "azurerm_resource_group.this"
          ]
        }
      ]
    },
    {
      "mode": "managed",
      "type": "azurerm_resource_group",
      "name": "this",
      "provider": "provider[\"registry.terraform.io/hashicorp/azurerm\"]",
      "instances": [
        {
          "schema_version": 0,
          "attributes": {
            "id": "/subscriptions/dfaedac7-41cd-47a3-bb50-1c637ad9df21/resourceGroups/sanket-westus2-resourcegroup",
            "location": "westus2",
            "managed_by": "",
            "name": "sanket-westus2-resourcegroup",
            "tags": {
              "environment": "dev"
            },
            "timeouts": null
          },
          "sensitive_attributes": [],
          "private": "eyJlMmJmYjczMC1lY2FhLTExZTYtOGY4OC0zNDM2M2JjN2M0YzAiOnsiY3JlYXRlIjo1NDAwMDAwMDAwMDAwLCJkZWxldGUiOjU0MDAwMDAwMDAwMDAsInJlYWQiOjMwMDAwMDAwMDAwMCwidXBkYXRlIjo1NDAwMDAwMDAwMDAwfX0="
        }
      ]
    },
    {
      "mode": "managed",
      "type": "azurerm_virtual_network",
      "name": "this",
      "provider": "provider[\"registry.terraform.io/hashicorp/azurerm\"]",
      "instances": [
        {
          "schema_version": 0,
          "attributes": {
            "address_space": [
              "10.0.0.0/16"
            ],
            "bgp_community": "",
            "ddos_protection_plan": [],
            "dns_servers": [
              "10.0.0.4",
              "10.0.0.5"
            ],
            "edge_zone": "",
            "encryption": [],
            "flow_timeout_in_minutes": 0,
            "guid": "fa6f25bb-898f-46d7-82b4-2a8da2c453ee",
            "id": "/subscriptions/dfaedac7-41cd-47a3-bb50-1c637ad9df21/resourceGroups/sanket-westus2-resourcegroup/providers/Microsoft.Network/virtualNetworks/sanket-westus2-vnet",
            "location": "westus2",
            "name": "sanket-westus2-vnet",
            "resource_group_name": "sanket-westus2-resourcegroup",
            "subnet": [
              {
                "address_prefix": "10.0.1.0/24",
                "id": "/subscriptions/dfaedac7-41cd-47a3-bb50-1c637ad9df21/resourceGroups/sanket-westus2-resourcegroup/providers/Microsoft.Network/virtualNetworks/sanket-westus2-vnet/subnets/sanket-westus2-private-subnet-1",
                "name": "sanket-westus2-private-subnet-1",
                "security_group": "/subscriptions/dfaedac7-41cd-47a3-bb50-1c637ad9df21/resourceGroups/sanket-westus2-resourcegroup/providers/Microsoft.Network/networkSecurityGroups/sanket-westus2-security-group"
              },
              {
                "address_prefix": "10.0.2.0/24",
                "id": "/subscriptions/dfaedac7-41cd-47a3-bb50-1c637ad9df21/resourceGroups/sanket-westus2-resourcegroup/providers/Microsoft.Network/virtualNetworks/sanket-westus2-vnet/subnets/sanket-westus2-private-subnet-2",
                "name": "sanket-westus2-private-subnet-2",
                "security_group": "/subscriptions/dfaedac7-41cd-47a3-bb50-1c637ad9df21/resourceGroups/sanket-westus2-resourcegroup/providers/Microsoft.Network/networkSecurityGroups/sanket-westus2-security-group"
              }
            ],
            "tags": {
              "environment": "dev"
            },
            "timeouts": null
          },
          "sensitive_attributes": [],
          "private": "eyJlMmJmYjczMC1lY2FhLTExZTYtOGY4OC0zNDM2M2JjN2M0YzAiOnsiY3JlYXRlIjoxODAwMDAwMDAwMDAwLCJkZWxldGUiOjE4MDAwMDAwMDAwMDAsInJlYWQiOjMwMDAwMDAwMDAwMCwidXBkYXRlIjoxODAwMDAwMDAwMDAwfX0=",
          "dependencies": [
            "azurerm_network_security_group.this",
            "azurerm_resource_group.this"
          ]
        }
      ]
    }
  ],
  "check_results": null
}
